
Microsoft Visual Studio Solution File, Format Version 12.00
# Visual Studio Version 16
VisualStudioVersion = 16.0.29025.244
MinimumVisualStudioVersion = 10.0.40219.1
Project("{FAE04EC0-301F-11D3-BF4B-00C04F79EFBC}") = "csharpcornerauthorionicapi", "csharpcornerauthorionicapi\csharpcornerauthorionicapi.csproj", "{09CBCCFB-A18C-42F1-8A6B-9119C91F1672}"
EndProject
Global
	GlobalSection(SolutionConfigurationPlatforms) = preSolution
		Debug|Any CPU = Debug|Any CPU
		Release|Any CPU = Release|Any CPU
	EndGlobalSection
	GlobalSection(ProjectConfigurationPlatforms) = postSolution
		{09CBCCFB-A18C-42F1-8A6B-9119C91F1672}.Debug|Any CPU.ActiveCfg = Debug|Any CPU
		{09CBCCFB-A18C-42F1-8A6B-9119C91F1672}.Debug|Any CPU.Build.0 = Debug|Any CPU
		{09CBCCFB-A18C-42F1-8A6B-9119C91F1672}.Release|Any CPU.ActiveCfg = Release|Any CPU
		{09CBCCFB-A18C-42F1-8A6B-9119C91F1672}.Release|Any CPU.Build.0 = Release|Any CPU
	EndGlobalSection
	GlobalSection(SolutionProperties) = preSolution
		HideSolutionNode = FALSE
	EndGlobalSection
	GlobalSection(ExtensibilityGlobals) = postSolution
		SolutionGuid = {412B8CC9-E3D8-4D3D-88E0-93CD65C41C0B}
	EndGlobalSection
EndGlobal
